// !$*UTF8*$!
{
	archiveVersion = 1;
	classes = {
	};
	objectVersion = 50;
	objects = {

/* Begin PBXBuildFile section */
		315D77EC23F603620059ED1F /* Store.swift in Sources */ = {isa = PBXBuildFile; fileRef = 315D77EB23F603620059ED1F /* Store.swift */; };
		315D77EE23F603850059ED1F /* RootState.swift in Sources */ = {isa = PBXBuildFile; fileRef = 315D77ED23F603850059ED1F /* RootState.swift */; };
		315D77F023F6039D0059ED1F /* StepState.swift in Sources */ = {isa = PBXBuildFile; fileRef = 315D77EF23F6039D0059ED1F /* StepState.swift */; };
		315D77F323F603B60059ED1F /* RootView.swift in Sources */ = {isa = PBXBuildFile; fileRef = 315D77F223F603B60059ED1F /* RootView.swift */; };
		315D77F523F603CE0059ED1F /* StepView.swift in Sources */ = {isa = PBXBuildFile; fileRef = 315D77F423F603CE0059ED1F /* StepView.swift */; };
		315D77F723F603F00059ED1F /* ViewFactory.swift in Sources */ = {isa = PBXBuildFile; fileRef = 315D77F623F603F00059ED1F /* ViewFactory.swift */; };
		315D77F923F604080059ED1F /* NavigationItem.swift in Sources */ = {isa = PBXBuildFile; fileRef = 315D77F823F604080059ED1F /* NavigationItem.swift */; };
		315D77FB23F604470059ED1F /* NavigationItemViewFactory.swift in Sources */ = {isa = PBXBuildFile; fileRef = 315D77FA23F604470059ED1F /* NavigationItemViewFactory.swift */; };
		315D77FD23F604650059ED1F /* NavigationStackView.swift in Sources */ = {isa = PBXBuildFile; fileRef = 315D77FC23F604650059ED1F /* NavigationStackView.swift */; };
		315D77FF23F604880059ED1F /* NavigationItemView.swift in Sources */ = {isa = PBXBuildFile; fileRef = 315D77FE23F604880059ED1F /* NavigationItemView.swift */; };
		315D780123F6049F0059ED1F /* NavigationBarView.swift in Sources */ = {isa = PBXBuildFile; fileRef = 315D780023F6049F0059ED1F /* NavigationBarView.swift */; };
		315D780323F604B70059ED1F /* NavigationBackButton.swift in Sources */ = {isa = PBXBuildFile; fileRef = 315D780223F604B70059ED1F /* NavigationBackButton.swift */; };
		315D780523F604C80059ED1F /* NavigationBackGesture.swift in Sources */ = {isa = PBXBuildFile; fileRef = 315D780423F604C80059ED1F /* NavigationBackGesture.swift */; };
		315D780723F604F30059ED1F /* AppView.swift in Sources */ = {isa = PBXBuildFile; fileRef = 315D780623F604F30059ED1F /* AppView.swift */; };
		31F7FFB223DA79D7003038AD /* AppDelegate.swift in Sources */ = {isa = PBXBuildFile; fileRef = 31F7FFB123DA79D7003038AD /* AppDelegate.swift */; };
		31F7FFB423DA79D7003038AD /* SceneDelegate.swift in Sources */ = {isa = PBXBuildFile; fileRef = 31F7FFB323DA79D7003038AD /* SceneDelegate.swift */; };
		31F7FFB823DA79D8003038AD /* Assets.xcassets in Resources */ = {isa = PBXBuildFile; fileRef = 31F7FFB723DA79D8003038AD /* Assets.xcassets */; };
		31F7FFBE23DA79D8003038AD /* LaunchScreen.storyboard in Resources */ = {isa = PBXBuildFile; fileRef = 31F7FFBC23DA79D8003038AD /* LaunchScreen.storyboard */; };
/* End PBXBuildFile section */

/* Begin PBXFileReference section */
		315D77EB23F603620059ED1F /* Store.swift */ = {isa = PBXFileReference; lastKnownFileType = sourcecode.swift; path = Store.swift; sourceTree = "<group>"; };
		315D77ED23F603850059ED1F /* RootState.swift */ = {isa = PBXFileReference; lastKnownFileType = sourcecode.swift; path = RootState.swift; sourceTree = "<group>"; };
		315D77EF23F6039D0059ED1F /* StepState.swift */ = {isa = PBXFileReference; lastKnownFileType = sourcecode.swift; path = StepState.swift; sourceTree = "<group>"; };
		315D77F223F603B60059ED1F /* RootView.swift */ = {isa = PBXFileReference; lastKnownFileType = sourcecode.swift; path = RootView.swift; sourceTree = "<group>"; };
		315D77F423F603CE0059ED1F /* StepView.swift */ = {isa = PBXFileReference; lastKnownFileType = sourcecode.swift; path = StepView.swift; sourceTree = "<group>"; };
		315D77F623F603F00059ED1F /* ViewFactory.swift */ = {isa = PBXFileReference; lastKnownFileType = sourcecode.swift; path = ViewFactory.swift; sourceTree = "<group>"; };
		315D77F823F604080059ED1F /* NavigationItem.swift */ = {isa = PBXFileReference; lastKnownFileType = sourcecode.swift; path = NavigationItem.swift; sourceTree = "<group>"; };
		315D77FA23F604470059ED1F /* NavigationItemViewFactory.swift */ = {isa = PBXFileReference; lastKnownFileType = sourcecode.swift; path = NavigationItemViewFactory.swift; sourceTree = "<group>"; };
		315D77FC23F604650059ED1F /* NavigationStackView.swift */ = {isa = PBXFileReference; lastKnownFileType = sourcecode.swift; path = NavigationStackView.swift; sourceTree = "<group>"; };
		315D77FE23F604880059ED1F /* NavigationItemView.swift */ = {isa = PBXFileReference; lastKnownFileType = sourcecode.swift; path = NavigationItemView.swift; sourceTree = "<group>"; };
		315D780023F6049F0059ED1F /* NavigationBarView.swift */ = {isa = PBXFileReference; lastKnownFileType = sourcecode.swift; path = NavigationBarView.swift; sourceTree = "<group>"; };
		315D780223F604B70059ED1F /* NavigationBackButton.swift */ = {isa = PBXFileReference; lastKnownFileType = sourcecode.swift; path = NavigationBackButton.swift; sourceTree = "<group>"; };
		315D780423F604C80059ED1F /* NavigationBackGesture.swift */ = {isa = PBXFileReference; lastKnownFileType = sourcecode.swift; path = NavigationBackGesture.swift; sourceTree = "<group>"; };
		315D780623F604F30059ED1F /* AppView.swift */ = {isa = PBXFileReference; lastKnownFileType = sourcecode.swift; path = AppView.swift; sourceTree = "<group>"; };
		31F7FFAE23DA79D7003038AD /* SwiftUINavigationDemo.app */ = {isa = PBXFileReference; explicitFileType = wrapper.application; includeInIndex = 0; path = SwiftUINavigationDemo.app; sourceTree = BUILT_PRODUCTS_DIR; };
		31F7FFB123DA79D7003038AD /* AppDelegate.swift */ = {isa = PBXFileReference; lastKnownFileType = sourcecode.swift; path = AppDelegate.swift; sourceTree = "<group>"; };
		31F7FFB323DA79D7003038AD /* SceneDelegate.swift */ = {isa = PBXFileReference; lastKnownFileType = sourcecode.swift; path = SceneDelegate.swift; sourceTree = "<group>"; };
		31F7FFB723DA79D8003038AD /* Assets.xcassets */ = {isa = PBXFileReference; lastKnownFileType = folder.assetcatalog; path = Assets.xcassets; sourceTree = "<group>"; };
		31F7FFBD23DA79D8003038AD /* Base */ = {isa = PBXFileReference; lastKnownFileType = file.storyboard; name = Base; path = Base.lproj/LaunchScreen.storyboard; sourceTree = "<group>"; };
		31F7FFBF23DA79D8003038AD /* Info.plist */ = {isa = PBXFileReference; lastKnownFileType = text.plist.xml; path = Info.plist; sourceTree = "<group>"; };
/* End PBXFileReference section */

/* Begin PBXFrameworksBuildPhase section */
		31F7FFAB23DA79D7003038AD /* Frameworks */ = {
			isa = PBXFrameworksBuildPhase;
			buildActionMask = 2147483647;
			files = (
			);
			runOnlyForDeploymentPostprocessing = 0;
		};
/* End PBXFrameworksBuildPhase section */

/* Begin PBXGroup section */
		315D77E923F603470059ED1F /* Navigation */ = {
			isa = PBXGroup;
			children = (
				315D780223F604B70059ED1F /* NavigationBackButton.swift */,
				315D780423F604C80059ED1F /* NavigationBackGesture.swift */,
				315D780023F6049F0059ED1F /* NavigationBarView.swift */,
				315D77F823F604080059ED1F /* NavigationItem.swift */,
				315D77FE23F604880059ED1F /* NavigationItemView.swift */,
				315D77FA23F604470059ED1F /* NavigationItemViewFactory.swift */,
				315D77FC23F604650059ED1F /* NavigationStackView.swift */,
			);
			path = Navigation;
			sourceTree = "<group>";
		};
		315D77EA23F603550059ED1F /* State */ = {
			isa = PBXGroup;
			children = (
				315D77ED23F603850059ED1F /* RootState.swift */,
				315D77EF23F6039D0059ED1F /* StepState.swift */,
				315D77EB23F603620059ED1F /* Store.swift */,
			);
			path = State;
			sourceTree = "<group>";
		};
		315D77F123F603AA0059ED1F /* Views */ = {
			isa = PBXGroup;
			children = (
				315D780623F604F30059ED1F /* AppView.swift */,
				315D77F223F603B60059ED1F /* RootView.swift */,
				315D77F423F603CE0059ED1F /* StepView.swift */,
				315D77F623F603F00059ED1F /* ViewFactory.swift */,
			);
			path = Views;
			sourceTree = "<group>";
		};
		315D780823F6051B0059ED1F /* Application */ = {
			isa = PBXGroup;
			children = (
				31F7FFB123DA79D7003038AD /* AppDelegate.swift */,
				31F7FFB323DA79D7003038AD /* SceneDelegate.swift */,
			);
			path = Application;
			sourceTree = "<group>";
		};
		315D780923F606490059ED1F /* Resources */ = {
			isa = PBXGroup;
			children = (
				31F7FFB723DA79D8003038AD /* Assets.xcassets */,
				31F7FFBF23DA79D8003038AD /* Info.plist */,
				31F7FFBC23DA79D8003038AD /* LaunchScreen.storyboard */,
			);
			path = Resources;
			sourceTree = "<group>";
		};
		31F7FFA523DA79D7003038AD = {
			isa = PBXGroup;
			children = (
				31F7FFB023DA79D7003038AD /* SwiftUINavigationDemo */,
				31F7FFAF23DA79D7003038AD /* Products */,
			);
			sourceTree = "<group>";
		};
		31F7FFAF23DA79D7003038AD /* Products */ = {
			isa = PBXGroup;
			children = (
				31F7FFAE23DA79D7003038AD /* SwiftUINavigationDemo.app */,
			);
			name = Products;
			sourceTree = "<group>";
		};
		31F7FFB023DA79D7003038AD /* SwiftUINavigationDemo */ = {
			isa = PBXGroup;
			children = (
				315D780823F6051B0059ED1F /* Application */,
				315D77E923F603470059ED1F /* Navigation */,
				315D780923F606490059ED1F /* Resources */,
				315D77EA23F603550059ED1F /* State */,
				315D77F123F603AA0059ED1F /* Views */,
			);
			path = SwiftUINavigationDemo;
			sourceTree = "<group>";
		};
/* End PBXGroup section */

/* Begin PBXNativeTarget section */
		31F7FFAD23DA79D7003038AD /* SwiftUINavigationDemo */ = {
			isa = PBXNativeTarget;
			buildConfigurationList = 31F7FFC223DA79D8003038AD /* Build configuration list for PBXNativeTarget "SwiftUINavigationDemo" */;
			buildPhases = (
				31F7FFAA23DA79D7003038AD /* Sources */,
				31F7FFAB23DA79D7003038AD /* Frameworks */,
				31F7FFAC23DA79D7003038AD /* Resources */,
			);
			buildRules = (
			);
			dependencies = (
			);
			name = SwiftUINavigationDemo;
			productName = SwiftUINavigation;
			productReference = 31F7FFAE23DA79D7003038AD /* SwiftUINavigationDemo.app */;
			productType = "com.apple.product-type.application";
		};
/* End PBXNativeTarget section */

/* Begin PBXProject section */
		31F7FFA623DA79D7003038AD /* Project object */ = {
			isa = PBXProject;
			attributes = {
				LastSwiftUpdateCheck = 1130;
				LastUpgradeCheck = 1130;
				ORGANIZATIONNAME = Darrarski;
				TargetAttributes = {
					31F7FFAD23DA79D7003038AD = {
						CreatedOnToolsVersion = 11.3.1;
					};
				};
			};
			buildConfigurationList = 31F7FFA923DA79D7003038AD /* Build configuration list for PBXProject "SwiftUINavigation" */;
			compatibilityVersion = "Xcode 9.3";
			developmentRegion = en;
			hasScannedForEncodings = 0;
			knownRegions = (
				en,
				Base,
			);
			mainGroup = 31F7FFA523DA79D7003038AD;
			productRefGroup = 31F7FFAF23DA79D7003038AD /* Products */;
			projectDirPath = "";
			projectRoot = "";
			targets = (
				31F7FFAD23DA79D7003038AD /* SwiftUINavigationDemo */,
			);
		};
/* End PBXProject section */

/* Begin PBXResourcesBuildPhase section */
		31F7FFAC23DA79D7003038AD /* Resources */ = {
			isa = PBXResourcesBuildPhase;
			buildActionMask = 2147483647;
			files = (
				31F7FFBE23DA79D8003038AD /* LaunchScreen.storyboard in Resources */,
				31F7FFB823DA79D8003038AD /* Assets.xcassets in Resources */,
			);
			runOnlyForDeploymentPostprocessing = 0;
		};
/* End PBXResourcesBuildPhase section */

/* Begin PBXSourcesBuildPhase section */
		31F7FFAA23DA79D7003038AD /* Sources */ = {
			isa = PBXSourcesBuildPhase;
			buildActionMask = 2147483647;
			files = (
				315D780523F604C80059ED1F /* NavigationBackGesture.swift in Sources */,
				315D780723F604F30059ED1F /* AppView.swift in Sources */,
				315D77F023F6039D0059ED1F /* StepState.swift in Sources */,
				315D77F723F603F00059ED1F /* ViewFactory.swift in Sources */,
				315D77FF23F604880059ED1F /* NavigationItemView.swift in Sources */,
				315D77EC23F603620059ED1F /* Store.swift in Sources */,
				315D77F923F604080059ED1F /* NavigationItem.swift in Sources */,
				31F7FFB223DA79D7003038AD /* AppDelegate.swift in Sources */,
				315D77EE23F603850059ED1F /* RootState.swift in Sources */,
				315D77FD23F604650059ED1F /* NavigationStackView.swift in Sources */,
				315D77F523F603CE0059ED1F /* StepView.swift in Sources */,
				31F7FFB423DA79D7003038AD /* SceneDelegate.swift in Sources */,
				315D780123F6049F0059ED1F /* NavigationBarView.swift in Sources */,
				315D77F323F603B60059ED1F /* RootView.swift in Sources */,
				315D77FB23F604470059ED1F /* NavigationItemViewFactory.swift in Sources */,
				315D780323F604B70059ED1F /* NavigationBackButton.swift in Sources */,
			);
			runOnlyForDeploymentPostprocessing = 0;
		};
/* End PBXSourcesBuildPhase section */

/* Begin PBXVariantGroup section */
		31F7FFBC23DA79D8003038AD /* LaunchScreen.storyboard */ = {
			isa = PBXVariantGroup;
			children = (
				31F7FFBD23DA79D8003038AD /* Base */,
			);
			name = LaunchScreen.storyboard;
			sourceTree = "<group>";
		};
/* End PBXVariantGroup section */

/* Begin XCBuildConfiguration section */
		31F7FFC023DA79D8003038AD /* Debug */ = {
			isa = XCBuildConfiguration;
			buildSettings = {
				ALWAYS_SEARCH_USER_PATHS = NO;
				CLANG_ANALYZER_NONNULL = YES;
				CLANG_ANALYZER_NUMBER_OBJECT_CONVERSION = YES_AGGRESSIVE;
				CLANG_CXX_LANGUAGE_STANDARD = "gnu++14";
				CLANG_CXX_LIBRARY = "libc++";
				CLANG_ENABLE_MODULES = YES;
				CLANG_ENABLE_OBJC_ARC = YES;
				CLANG_ENABLE_OBJC_WEAK = YES;
				CLANG_WARN_BLOCK_CAPTURE_AUTORELEASING = YES;
				CLANG_WARN_BOOL_CONVERSION = YES;
				CLANG_WARN_COMMA = YES;
				CLANG_WARN_CONSTANT_CONVERSION = YES;
				CLANG_WARN_DEPRECATED_OBJC_IMPLEMENTATIONS = YES;
				CLANG_WARN_DIRECT_OBJC_ISA_USAGE = YES_ERROR;
				CLANG_WARN_DOCUMENTATION_COMMENTS = YES;
				CLANG_WARN_EMPTY_BODY = YES;
				CLANG_WARN_ENUM_CONVERSION = YES;
				CLANG_WARN_INFINITE_RECURSION = YES;
				CLANG_WARN_INT_CONVERSION = YES;
				CLANG_WARN_NON_LITERAL_NULL_CONVERSION = YES;
				CLANG_WARN_OBJC_IMPLICIT_RETAIN_SELF = YES;
				CLANG_WARN_OBJC_LITERAL_CONVERSION = YES;
				CLANG_WARN_OBJC_ROOT_CLASS = YES_ERROR;
				CLANG_WARN_RANGE_LOOP_ANALYSIS = YES;
				CLANG_WARN_STRICT_PROTOTYPES = YES;
				CLANG_WARN_SUSPICIOUS_MOVE = YES;
				CLANG_WARN_UNGUARDED_AVAILABILITY = YES_AGGRESSIVE;
				CLANG_WARN_UNREACHABLE_CODE = YES;
				CLANG_WARN__DUPLICATE_METHOD_MATCH = YES;
				COPY_PHASE_STRIP = NO;
				CURRENT_PROJECT_VERSION = 0;
				DEBUG_INFORMATION_FORMAT = dwarf;
				ENABLE_STRICT_OBJC_MSGSEND = YES;
				ENABLE_TESTABILITY = YES;
				GCC_C_LANGUAGE_STANDARD = gnu11;
				GCC_DYNAMIC_NO_PIC = NO;
				GCC_NO_COMMON_BLOCKS = YES;
				GCC_OPTIMIZATION_LEVEL = 0;
				GCC_PREPROCESSOR_DEFINITIONS = (
					"DEBUG=1",
					"$(inherited)",
				);
				GCC_WARN_64_TO_32_BIT_CONVERSION = YES;
				GCC_WARN_ABOUT_RETURN_TYPE = YES_ERROR;
				GCC_WARN_UNDECLARED_SELECTOR = YES;
				GCC_WARN_UNINITIALIZED_AUTOS = YES_AGGRESSIVE;
				GCC_WARN_UNUSED_FUNCTION = YES;
				GCC_WARN_UNUSED_VARIABLE = YES;
				IPHONEOS_DEPLOYMENT_TARGET = 13.0;
				MARKETING_VERSION = 1.0.0;
				MTL_ENABLE_DEBUG_INFO = INCLUDE_SOURCE;
				MTL_FAST_MATH = YES;
				ONLY_ACTIVE_ARCH = YES;
				SDKROOT = iphoneos;
				SWIFT_ACTIVE_COMPILATION_CONDITIONS = DEBUG;
				SWIFT_OPTIMIZATION_LEVEL = "-Onone";
			};
			name = Debug;
		};
		31F7FFC123DA79D8003038AD /* Release */ = {
			isa = XCBuildConfiguration;
			buildSettings = {
				ALWAYS_SEARCH_USER_PATHS = NO;
				CLANG_ANALYZER_NONNULL = YES;
				CLANG_ANALYZER_NUMBER_OBJECT_CONVERSION = YES_AGGRESSIVE;
				CLANG_CXX_LANGUAGE_STANDARD = "gnu++14";
				CLANG_CXX_LIBRARY = "libc++";
				CLANG_ENABLE_MODULES = YES;
				CLANG_ENABLE_OBJC_ARC = YES;
				CLANG_ENABLE_OBJC_WEAK = YES;
				CLANG_WARN_BLOCK_CAPTURE_AUTORELEASING = YES;
				CLANG_WARN_BOOL_CONVERSION = YES;
				CLANG_WARN_COMMA = YES;
				CLANG_WARN_CONSTANT_CONVERSION = YES;
				CLANG_WARN_DEPRECATED_OBJC_IMPLEMENTATIONS = YES;
				CLANG_WARN_DIRECT_OBJC_ISA_USAGE = YES_ERROR;
				CLANG_WARN_DOCUMENTATION_COMMENTS = YES;
				CLANG_WARN_EMPTY_BODY = YES;
				CLANG_WARN_ENUM_CONVERSION = YES;
				CLANG_WARN_INFINITE_RECURSION = YES;
				CLANG_WARN_INT_CONVERSION = YES;
				CLANG_WARN_NON_LITERAL_NULL_CONVERSION = YES;
				CLANG_WARN_OBJC_IMPLICIT_RETAIN_SELF = YES;
				CLANG_WARN_OBJC_LITERAL_CONVERSION = YES;
				CLANG_WARN_OBJC_ROOT_CLASS = YES_ERROR;
				CLANG_WARN_RANGE_LOOP_ANALYSIS = YES;
				CLANG_WARN_STRICT_PROTOTYPES = YES;
				CLANG_WARN_SUSPICIOUS_MOVE = YES;
				CLANG_WARN_UNGUARDED_AVAILABILITY = YES_AGGRESSIVE;
				CLANG_WARN_UNREACHABLE_CODE = YES;
				CLANG_WARN__DUPLICATE_METHOD_MATCH = YES;
				COPY_PHASE_STRIP = NO;
				CURRENT_PROJECT_VERSION = 0;
				DEBUG_INFORMATION_FORMAT = "dwarf-with-dsym";
				ENABLE_NS_ASSERTIONS = NO;
				ENABLE_STRICT_OBJC_MSGSEND = YES;
				GCC_C_LANGUAGE_STANDARD = gnu11;
				GCC_NO_COMMON_BLOCKS = YES;
				GCC_WARN_64_TO_32_BIT_CONVERSION = YES;
				GCC_WARN_ABOUT_RETURN_TYPE = YES_ERROR;
				GCC_WARN_UNDECLARED_SELECTOR = YES;
				GCC_WARN_UNINITIALIZED_AUTOS = YES_AGGRESSIVE;
				GCC_WARN_UNUSED_FUNCTION = YES;
				GCC_WARN_UNUSED_VARIABLE = YES;
				IPHONEOS_DEPLOYMENT_TARGET = 13.0;
				MARKETING_VERSION = 1.0.0;
				MTL_ENABLE_DEBUG_INFO = NO;
				MTL_FAST_MATH = YES;
				SDKROOT = iphoneos;
				SWIFT_COMPILATION_MODE = wholemodule;
				SWIFT_OPTIMIZATION_LEVEL = "-O";
				VALIDATE_PRODUCT = YES;
			};
			name = Release;
		};
		31F7FFC323DA79D8003038AD /* Debug */ = {
			isa = XCBuildConfiguration;
			buildSettings = {
				ASSETCATALOG_COMPILER_APPICON_NAME = AppIcon;
				CODE_SIGN_STYLE = Automatic;
				ENABLE_PREVIEWS = YES;
				INFOPLIST_FILE = SwiftUINavigationDemo/Resources/Info.plist;
				LD_RUNPATH_SEARCH_PATHS = (
					"$(inherited)",
					"@executable_path/Frameworks",
				);
				PRODUCT_BUNDLE_IDENTIFIER = com.elpassion.SwiftUINavigationDemo;
				PRODUCT_NAME = "$(TARGET_NAME)";
				SWIFT_VERSION = 5.0;
				TARGETED_DEVICE_FAMILY = "1,2";
			};
			name = Debug;
		};
		31F7FFC423DA79D8003038AD /* Release */ = {
			isa = XCBuildConfiguration;
			buildSettings = {
				ASSETCATALOG_COMPILER_APPICON_NAME = AppIcon;
				CODE_SIGN_STYLE = Automatic;
				ENABLE_PREVIEWS = YES;
				INFOPLIST_FILE = SwiftUINavigationDemo/Resources/Info.plist;
				LD_RUNPATH_SEARCH_PATHS = (
					"$(inherited)",
					"@executable_path/Frameworks",
				);
				PRODUCT_BUNDLE_IDENTIFIER = com.elpassion.SwiftUINavigationDemo;
				PRODUCT_NAME = "$(TARGET_NAME)";
				SWIFT_VERSION = 5.0;
				TARGETED_DEVICE_FAMILY = "1,2";
			};
			name = Release;
		};
/* End XCBuildConfiguration section */

/* Begin XCConfigurationList section */
		31F7FFA923DA79D7003038AD /* Build configuration list for PBXProject "SwiftUINavigation" */ = {
			isa = XCConfigurationList;
			buildConfigurations = (
				31F7FFC023DA79D8003038AD /* Debug */,
				31F7FFC123DA79D8003038AD /* Release */,
			);
			defaultConfigurationIsVisible = 0;
			defaultConfigurationName = Release;
		};
		31F7FFC223DA79D8003038AD /* Build configuration list for PBXNativeTarget "SwiftUINavigationDemo" */ = {
			isa = XCConfigurationList;
			buildConfigurations = (
				31F7FFC323DA79D8003038AD /* Debug */,
				31F7FFC423DA79D8003038AD /* Release */,
			);
			defaultConfigurationIsVisible = 0;
			defaultConfigurationName = Release;
		};
/* End XCConfigurationList section */
	};
	rootObject = 31F7FFA623DA79D7003038AD /* Project object */;
}
